{
  "requires": true,
  "lockfileVersion": 1,
  "dependencies": {
    "@vuikit/icons": {
      "version": "0.8.1",
      "resolved": "https://registry.npmjs.org/@vuikit/icons/-/icons-0.8.1.tgz",
      "integrity": "sha512-DiwUbbN8b3AyPxiW5llL0VZDOyM5P+U8YEnP+CLGzOL7KJ/bqrpPhskCDUOoDUy7+fBEYxsO7+oC0dYCXNYLRw=="
    }
  }
}
